
Microsoft Visual Studio Solution File, Format Version 12.00
# Visual Studio 15
VisualStudioVersion = 15.0.28307.902
MinimumVisualStudioVersion = 10.0.40219.1
Project("{888888A0-9F3D-457C-B088-3A5042F75D52}") = "DjangoWebProject2", "DjangoWebProject2\DjangoWebProject2.pyproj", "{4232DFA4-23BB-43B2-8811-677754D56DC8}"
EndProject
Global
	GlobalSection(SolutionConfigurationPlatforms) = preSolution
		Debug|Any CPU = Debug|Any CPU
		Release|Any CPU = Release|Any CPU
	EndGlobalSection
	GlobalSection(ProjectConfigurationPlatforms) = postSolution
		{4232DFA4-23BB-43B2-8811-677754D56DC8}.Debug|Any CPU.ActiveCfg = Debug|Any CPU
		{4232DFA4-23BB-43B2-8811-677754D56DC8}.Debug|Any CPU.Build.0 = Debug|Any CPU
		{4232DFA4-23BB-43B2-8811-677754D56DC8}.Release|Any CPU.ActiveCfg = Release|Any CPU
		{4232DFA4-23BB-43B2-8811-677754D56DC8}.Release|Any CPU.Build.0 = Release|Any CPU
	EndGlobalSection
	GlobalSection(SolutionProperties) = preSolution
		HideSolutionNode = FALSE
	EndGlobalSection
	GlobalSection(ExtensibilityGlobals) = postSolution
		SolutionGuid = {ECA37C2A-EB6F-47F5-871C-08EA13A8AD13}
	EndGlobalSection
EndGlobal
